
Microsoft Visual Studio Solution File, Format Version 12.00
# Visual Studio Version 16
VisualStudioVersion = 16.0.31729.503
MinimumVisualStudioVersion = 10.0.40219.1
Project("{FAE04EC0-301F-11D3-BF4B-00C04F79EFBC}") = "Exercicio Pessoa Fisica e Juridica", "Exercicio Pessoa Fisica e Juridica\Exercicio Pessoa Fisica e Juridica.csproj", "{D8F2E0D2-89D7-41ED-93AC-78842B041BC4}"
EndProject
Global
	GlobalSection(SolutionConfigurationPlatforms) = preSolution
		Debug|Any CPU = Debug|Any CPU
		Release|Any CPU = Release|Any CPU
	EndGlobalSection
	GlobalSection(ProjectConfigurationPlatforms) = postSolution
		{D8F2E0D2-89D7-41ED-93AC-78842B041BC4}.Debug|Any CPU.ActiveCfg = Debug|Any CPU
		{D8F2E0D2-89D7-41ED-93AC-78842B041BC4}.Debug|Any CPU.Build.0 = Debug|Any CPU
		{D8F2E0D2-89D7-41ED-93AC-78842B041BC4}.Release|Any CPU.ActiveCfg = Release|Any CPU
		{D8F2E0D2-89D7-41ED-93AC-78842B041BC4}.Release|Any CPU.Build.0 = Release|Any CPU
	EndGlobalSection
	GlobalSection(SolutionProperties) = preSolution
		HideSolutionNode = FALSE
	EndGlobalSection
	GlobalSection(ExtensibilityGlobals) = postSolution
		SolutionGuid = {E24929E8-5F89-493B-BCF2-AE8D4A7EA51B}
	EndGlobalSection
EndGlobal
