
Microsoft Visual Studio Solution File, Format Version 12.00
# Visual Studio Version 16
VisualStudioVersion = 16.0.31729.503
MinimumVisualStudioVersion = 10.0.40219.1
Project("{FAE04EC0-301F-11D3-BF4B-00C04F79EFBC}") = "Exemplo TimeSpan", "Exemplo TimeSpan\Exemplo TimeSpan.csproj", "{C5A1BFA1-84A3-4596-9AB5-465ABECAA61B}"
EndProject
Global
	GlobalSection(SolutionConfigurationPlatforms) = preSolution
		Debug|Any CPU = Debug|Any CPU
		Release|Any CPU = Release|Any CPU
	EndGlobalSection
	GlobalSection(ProjectConfigurationPlatforms) = postSolution
		{C5A1BFA1-84A3-4596-9AB5-465ABECAA61B}.Debug|Any CPU.ActiveCfg = Debug|Any CPU
		{C5A1BFA1-84A3-4596-9AB5-465ABECAA61B}.Debug|Any CPU.Build.0 = Debug|Any CPU
		{C5A1BFA1-84A3-4596-9AB5-465ABECAA61B}.Release|Any CPU.ActiveCfg = Release|Any CPU
		{C5A1BFA1-84A3-4596-9AB5-465ABECAA61B}.Release|Any CPU.Build.0 = Release|Any CPU
	EndGlobalSection
	GlobalSection(SolutionProperties) = preSolution
		HideSolutionNode = FALSE
	EndGlobalSection
	GlobalSection(ExtensibilityGlobals) = postSolution
		SolutionGuid = {1B54F460-6285-4A6D-9FCD-38192428B1F2}
	EndGlobalSection
EndGlobal
