
Microsoft Visual Studio Solution File, Format Version 12.00
# Visual Studio Version 16
VisualStudioVersion = 16.0.31729.503
MinimumVisualStudioVersion = 10.0.40219.1
Project("{FAE04EC0-301F-11D3-BF4B-00C04F79EFBC}") = "Exemplo Generics2", "Exemplo Generics2\Exemplo Generics2.csproj", "{F4B72923-8B7D-4787-A14F-25670AB45D52}"
EndProject
Global
	GlobalSection(SolutionConfigurationPlatforms) = preSolution
		Debug|Any CPU = Debug|Any CPU
		Release|Any CPU = Release|Any CPU
	EndGlobalSection
	GlobalSection(ProjectConfigurationPlatforms) = postSolution
		{F4B72923-8B7D-4787-A14F-25670AB45D52}.Debug|Any CPU.ActiveCfg = Debug|Any CPU
		{F4B72923-8B7D-4787-A14F-25670AB45D52}.Debug|Any CPU.Build.0 = Debug|Any CPU
		{F4B72923-8B7D-4787-A14F-25670AB45D52}.Release|Any CPU.ActiveCfg = Release|Any CPU
		{F4B72923-8B7D-4787-A14F-25670AB45D52}.Release|Any CPU.Build.0 = Release|Any CPU
	EndGlobalSection
	GlobalSection(SolutionProperties) = preSolution
		HideSolutionNode = FALSE
	EndGlobalSection
	GlobalSection(ExtensibilityGlobals) = postSolution
		SolutionGuid = {61180486-6B40-422F-A7AC-9DE6936EEF82}
	EndGlobalSection
EndGlobal
