
Microsoft Visual Studio Solution File, Format Version 12.00
# Visual Studio Version 16
VisualStudioVersion = 16.0.31729.503
MinimumVisualStudioVersion = 10.0.40219.1
Project("{FAE04EC0-301F-11D3-BF4B-00C04F79EFBC}") = "Exercicio Proposto Dictionary", "Exercicio Proposto Dictionary\Exercicio Proposto Dictionary.csproj", "{12E8947D-F17E-458F-8081-E02C69203A6A}"
EndProject
Global
	GlobalSection(SolutionConfigurationPlatforms) = preSolution
		Debug|Any CPU = Debug|Any CPU
		Release|Any CPU = Release|Any CPU
	EndGlobalSection
	GlobalSection(ProjectConfigurationPlatforms) = postSolution
		{12E8947D-F17E-458F-8081-E02C69203A6A}.Debug|Any CPU.ActiveCfg = Debug|Any CPU
		{12E8947D-F17E-458F-8081-E02C69203A6A}.Debug|Any CPU.Build.0 = Debug|Any CPU
		{12E8947D-F17E-458F-8081-E02C69203A6A}.Release|Any CPU.ActiveCfg = Release|Any CPU
		{12E8947D-F17E-458F-8081-E02C69203A6A}.Release|Any CPU.Build.0 = Release|Any CPU
	EndGlobalSection
	GlobalSection(SolutionProperties) = preSolution
		HideSolutionNode = FALSE
	EndGlobalSection
	GlobalSection(ExtensibilityGlobals) = postSolution
		SolutionGuid = {218ABFE9-9FE5-4737-A56B-29561AF59DF5}
	EndGlobalSection
EndGlobal
