
Microsoft Visual Studio Solution File, Format Version 12.00
# Visual Studio Version 16
VisualStudioVersion = 16.0.31729.503
MinimumVisualStudioVersion = 10.0.40219.1
Project("{FAE04EC0-301F-11D3-BF4B-00C04F79EFBC}") = "Exemplo Interface IComparable 2", "Exemplo Interface IComparable 2\Exemplo Interface IComparable 2.csproj", "{9DA116B2-6135-4902-8622-A4CB91D551A6}"
EndProject
Global
	GlobalSection(SolutionConfigurationPlatforms) = preSolution
		Debug|Any CPU = Debug|Any CPU
		Release|Any CPU = Release|Any CPU
	EndGlobalSection
	GlobalSection(ProjectConfigurationPlatforms) = postSolution
		{9DA116B2-6135-4902-8622-A4CB91D551A6}.Debug|Any CPU.ActiveCfg = Debug|Any CPU
		{9DA116B2-6135-4902-8622-A4CB91D551A6}.Debug|Any CPU.Build.0 = Debug|Any CPU
		{9DA116B2-6135-4902-8622-A4CB91D551A6}.Release|Any CPU.ActiveCfg = Release|Any CPU
		{9DA116B2-6135-4902-8622-A4CB91D551A6}.Release|Any CPU.Build.0 = Release|Any CPU
	EndGlobalSection
	GlobalSection(SolutionProperties) = preSolution
		HideSolutionNode = FALSE
	EndGlobalSection
	GlobalSection(ExtensibilityGlobals) = postSolution
		SolutionGuid = {2BD58A4F-D610-4EA1-BCA9-404931561B6C}
	EndGlobalSection
EndGlobal
