
Microsoft Visual Studio Solution File, Format Version 12.00
# Visual Studio Version 16
VisualStudioVersion = 16.0.31729.503
MinimumVisualStudioVersion = 10.0.40219.1
Project("{FAE04EC0-301F-11D3-BF4B-00C04F79EFBC}") = "Exercício Matriz", "Exercício Matriz\Exercício Matriz.csproj", "{080F2EBD-C5C4-4AA7-8A9C-D8A529D4B4A8}"
EndProject
Global
	GlobalSection(SolutionConfigurationPlatforms) = preSolution
		Debug|Any CPU = Debug|Any CPU
		Release|Any CPU = Release|Any CPU
	EndGlobalSection
	GlobalSection(ProjectConfigurationPlatforms) = postSolution
		{080F2EBD-C5C4-4AA7-8A9C-D8A529D4B4A8}.Debug|Any CPU.ActiveCfg = Debug|Any CPU
		{080F2EBD-C5C4-4AA7-8A9C-D8A529D4B4A8}.Debug|Any CPU.Build.0 = Debug|Any CPU
		{080F2EBD-C5C4-4AA7-8A9C-D8A529D4B4A8}.Release|Any CPU.ActiveCfg = Release|Any CPU
		{080F2EBD-C5C4-4AA7-8A9C-D8A529D4B4A8}.Release|Any CPU.Build.0 = Release|Any CPU
	EndGlobalSection
	GlobalSection(SolutionProperties) = preSolution
		HideSolutionNode = FALSE
	EndGlobalSection
	GlobalSection(ExtensibilityGlobals) = postSolution
		SolutionGuid = {DF76BD16-A122-4BA9-9B45-BFB2B3B8EF3D}
	EndGlobalSection
EndGlobal
