
Microsoft Visual Studio Solution File, Format Version 12.00
# Visual Studio Version 16
VisualStudioVersion = 16.0.31729.503
MinimumVisualStudioVersion = 10.0.40219.1
Project("{FAE04EC0-301F-11D3-BF4B-00C04F79EFBC}") = "Ref e Out", "Ref e Out\Ref e Out.csproj", "{47B1BCAB-5258-4816-B817-7C4FC9D1828C}"
EndProject
Global
	GlobalSection(SolutionConfigurationPlatforms) = preSolution
		Debug|Any CPU = Debug|Any CPU
		Release|Any CPU = Release|Any CPU
	EndGlobalSection
	GlobalSection(ProjectConfigurationPlatforms) = postSolution
		{47B1BCAB-5258-4816-B817-7C4FC9D1828C}.Debug|Any CPU.ActiveCfg = Debug|Any CPU
		{47B1BCAB-5258-4816-B817-7C4FC9D1828C}.Debug|Any CPU.Build.0 = Debug|Any CPU
		{47B1BCAB-5258-4816-B817-7C4FC9D1828C}.Release|Any CPU.ActiveCfg = Release|Any CPU
		{47B1BCAB-5258-4816-B817-7C4FC9D1828C}.Release|Any CPU.Build.0 = Release|Any CPU
	EndGlobalSection
	GlobalSection(SolutionProperties) = preSolution
		HideSolutionNode = FALSE
	EndGlobalSection
	GlobalSection(ExtensibilityGlobals) = postSolution
		SolutionGuid = {B6308981-AF98-4212-B95B-9DEFA16BCB27}
	EndGlobalSection
EndGlobal
