
Microsoft Visual Studio Solution File, Format Version 12.00
# Visual Studio Version 16
VisualStudioVersion = 16.0.31729.503
MinimumVisualStudioVersion = 10.0.40219.1
Project("{FAE04EC0-301F-11D3-BF4B-00C04F79EFBC}") = "Exemplo Interfaces", "Exemplo Interfaces\Exemplo Interfaces.csproj", "{07C362C8-B430-417B-8B3A-754BD82ECFCF}"
EndProject
Global
	GlobalSection(SolutionConfigurationPlatforms) = preSolution
		Debug|Any CPU = Debug|Any CPU
		Release|Any CPU = Release|Any CPU
	EndGlobalSection
	GlobalSection(ProjectConfigurationPlatforms) = postSolution
		{07C362C8-B430-417B-8B3A-754BD82ECFCF}.Debug|Any CPU.ActiveCfg = Debug|Any CPU
		{07C362C8-B430-417B-8B3A-754BD82ECFCF}.Debug|Any CPU.Build.0 = Debug|Any CPU
		{07C362C8-B430-417B-8B3A-754BD82ECFCF}.Release|Any CPU.ActiveCfg = Release|Any CPU
		{07C362C8-B430-417B-8B3A-754BD82ECFCF}.Release|Any CPU.Build.0 = Release|Any CPU
	EndGlobalSection
	GlobalSection(SolutionProperties) = preSolution
		HideSolutionNode = FALSE
	EndGlobalSection
	GlobalSection(ExtensibilityGlobals) = postSolution
		SolutionGuid = {21964CA2-F628-4778-9E6C-B9D22CA3276F}
	EndGlobalSection
EndGlobal
