
Microsoft Visual Studio Solution File, Format Version 12.00
# Visual Studio Version 16
VisualStudioVersion = 16.0.31729.503
MinimumVisualStudioVersion = 10.0.40219.1
Project("{FAE04EC0-301F-11D3-BF4B-00C04F79EFBC}") = "Exemplo Lista", "Exemplo Lista\Exemplo Lista.csproj", "{739F9D59-EA12-415B-9A6C-D3B9F41611A5}"
EndProject
Global
	GlobalSection(SolutionConfigurationPlatforms) = preSolution
		Debug|Any CPU = Debug|Any CPU
		Release|Any CPU = Release|Any CPU
	EndGlobalSection
	GlobalSection(ProjectConfigurationPlatforms) = postSolution
		{739F9D59-EA12-415B-9A6C-D3B9F41611A5}.Debug|Any CPU.ActiveCfg = Debug|Any CPU
		{739F9D59-EA12-415B-9A6C-D3B9F41611A5}.Debug|Any CPU.Build.0 = Debug|Any CPU
		{739F9D59-EA12-415B-9A6C-D3B9F41611A5}.Release|Any CPU.ActiveCfg = Release|Any CPU
		{739F9D59-EA12-415B-9A6C-D3B9F41611A5}.Release|Any CPU.Build.0 = Release|Any CPU
	EndGlobalSection
	GlobalSection(SolutionProperties) = preSolution
		HideSolutionNode = FALSE
	EndGlobalSection
	GlobalSection(ExtensibilityGlobals) = postSolution
		SolutionGuid = {E120217B-BF60-4CD9-ACAE-682F128815DE}
	EndGlobalSection
EndGlobal
