
Microsoft Visual Studio Solution File, Format Version 12.00
# Visual Studio Version 16
VisualStudioVersion = 16.0.31729.503
MinimumVisualStudioVersion = 10.0.40219.1
Project("{FAE04EC0-301F-11D3-BF4B-00C04F79EFBC}") = "Modificador Params", "Modificador Params\Modificador Params.csproj", "{50866028-2814-4860-B8EB-1D538E21D00C}"
EndProject
Global
	GlobalSection(SolutionConfigurationPlatforms) = preSolution
		Debug|Any CPU = Debug|Any CPU
		Release|Any CPU = Release|Any CPU
	EndGlobalSection
	GlobalSection(ProjectConfigurationPlatforms) = postSolution
		{50866028-2814-4860-B8EB-1D538E21D00C}.Debug|Any CPU.ActiveCfg = Debug|Any CPU
		{50866028-2814-4860-B8EB-1D538E21D00C}.Debug|Any CPU.Build.0 = Debug|Any CPU
		{50866028-2814-4860-B8EB-1D538E21D00C}.Release|Any CPU.ActiveCfg = Release|Any CPU
		{50866028-2814-4860-B8EB-1D538E21D00C}.Release|Any CPU.Build.0 = Release|Any CPU
	EndGlobalSection
	GlobalSection(SolutionProperties) = preSolution
		HideSolutionNode = FALSE
	EndGlobalSection
	GlobalSection(ExtensibilityGlobals) = postSolution
		SolutionGuid = {B3F8491B-7F9E-4022-8526-0DFA6157599F}
	EndGlobalSection
EndGlobal
