
Microsoft Visual Studio Solution File, Format Version 12.00
# Visual Studio Version 16
VisualStudioVersion = 16.0.31729.503
MinimumVisualStudioVersion = 10.0.40219.1
Project("{FAE04EC0-301F-11D3-BF4B-00C04F79EFBC}") = "Exemplo Hash Set-Sorted Set", "Exemplo Hash Set-Sorted Set\Exemplo Hash Set-Sorted Set.csproj", "{DDC021AE-A932-4E28-B5F3-F805ACEDD46C}"
EndProject
Global
	GlobalSection(SolutionConfigurationPlatforms) = preSolution
		Debug|Any CPU = Debug|Any CPU
		Release|Any CPU = Release|Any CPU
	EndGlobalSection
	GlobalSection(ProjectConfigurationPlatforms) = postSolution
		{DDC021AE-A932-4E28-B5F3-F805ACEDD46C}.Debug|Any CPU.ActiveCfg = Debug|Any CPU
		{DDC021AE-A932-4E28-B5F3-F805ACEDD46C}.Debug|Any CPU.Build.0 = Debug|Any CPU
		{DDC021AE-A932-4E28-B5F3-F805ACEDD46C}.Release|Any CPU.ActiveCfg = Release|Any CPU
		{DDC021AE-A932-4E28-B5F3-F805ACEDD46C}.Release|Any CPU.Build.0 = Release|Any CPU
	EndGlobalSection
	GlobalSection(SolutionProperties) = preSolution
		HideSolutionNode = FALSE
	EndGlobalSection
	GlobalSection(ExtensibilityGlobals) = postSolution
		SolutionGuid = {B4807581-72A2-4571-8B20-DDBE17557BE9}
	EndGlobalSection
EndGlobal
