
Microsoft Visual Studio Solution File, Format Version 12.00
# Visual Studio Version 16
VisualStudioVersion = 16.0.31729.503
MinimumVisualStudioVersion = 10.0.40219.1
Project("{FAE04EC0-301F-11D3-BF4B-00C04F79EFBC}") = "Exercício Lista", "Exercício Lista\Exercício Lista.csproj", "{D69714FE-DF01-4313-A821-A6E3CDE410FB}"
EndProject
Global
	GlobalSection(SolutionConfigurationPlatforms) = preSolution
		Debug|Any CPU = Debug|Any CPU
		Release|Any CPU = Release|Any CPU
	EndGlobalSection
	GlobalSection(ProjectConfigurationPlatforms) = postSolution
		{D69714FE-DF01-4313-A821-A6E3CDE410FB}.Debug|Any CPU.ActiveCfg = Debug|Any CPU
		{D69714FE-DF01-4313-A821-A6E3CDE410FB}.Debug|Any CPU.Build.0 = Debug|Any CPU
		{D69714FE-DF01-4313-A821-A6E3CDE410FB}.Release|Any CPU.ActiveCfg = Release|Any CPU
		{D69714FE-DF01-4313-A821-A6E3CDE410FB}.Release|Any CPU.Build.0 = Release|Any CPU
	EndGlobalSection
	GlobalSection(SolutionProperties) = preSolution
		HideSolutionNode = FALSE
	EndGlobalSection
	GlobalSection(ExtensibilityGlobals) = postSolution
		SolutionGuid = {39267B12-76CE-4FCA-8348-6C54637A788F}
	EndGlobalSection
EndGlobal
