
Microsoft Visual Studio Solution File, Format Version 12.00
# Visual Studio Version 16
VisualStudioVersion = 16.0.31729.503
MinimumVisualStudioVersion = 10.0.40219.1
Project("{FAE04EC0-301F-11D3-BF4B-00C04F79EFBC}") = "Funcionario", "Funcionario\Funcionario.csproj", "{3298CDEB-1B0B-4F0C-9FCA-AF5040C3617D}"
EndProject
Global
	GlobalSection(SolutionConfigurationPlatforms) = preSolution
		Debug|Any CPU = Debug|Any CPU
		Release|Any CPU = Release|Any CPU
	EndGlobalSection
	GlobalSection(ProjectConfigurationPlatforms) = postSolution
		{3298CDEB-1B0B-4F0C-9FCA-AF5040C3617D}.Debug|Any CPU.ActiveCfg = Debug|Any CPU
		{3298CDEB-1B0B-4F0C-9FCA-AF5040C3617D}.Debug|Any CPU.Build.0 = Debug|Any CPU
		{3298CDEB-1B0B-4F0C-9FCA-AF5040C3617D}.Release|Any CPU.ActiveCfg = Release|Any CPU
		{3298CDEB-1B0B-4F0C-9FCA-AF5040C3617D}.Release|Any CPU.Build.0 = Release|Any CPU
	EndGlobalSection
	GlobalSection(SolutionProperties) = preSolution
		HideSolutionNode = FALSE
	EndGlobalSection
	GlobalSection(ExtensibilityGlobals) = postSolution
		SolutionGuid = {EECB9410-EDBD-4EAB-B23A-652AA4A82DCB}
	EndGlobalSection
EndGlobal
