
Microsoft Visual Studio Solution File, Format Version 12.00
# Visual Studio Version 16
VisualStudioVersion = 16.0.31729.503
MinimumVisualStudioVersion = 10.0.40219.1
Project("{FAE04EC0-301F-11D3-BF4B-00C04F79EFBC}") = "DateTime (Propriedades e Operações)", "DateTime (Propriedades e Operações)\DateTime (Propriedades e Operações).csproj", "{D255F2F3-7E66-4251-9557-14D5BA0A1064}"
EndProject
Global
	GlobalSection(SolutionConfigurationPlatforms) = preSolution
		Debug|Any CPU = Debug|Any CPU
		Release|Any CPU = Release|Any CPU
	EndGlobalSection
	GlobalSection(ProjectConfigurationPlatforms) = postSolution
		{D255F2F3-7E66-4251-9557-14D5BA0A1064}.Debug|Any CPU.ActiveCfg = Debug|Any CPU
		{D255F2F3-7E66-4251-9557-14D5BA0A1064}.Debug|Any CPU.Build.0 = Debug|Any CPU
		{D255F2F3-7E66-4251-9557-14D5BA0A1064}.Release|Any CPU.ActiveCfg = Release|Any CPU
		{D255F2F3-7E66-4251-9557-14D5BA0A1064}.Release|Any CPU.Build.0 = Release|Any CPU
	EndGlobalSection
	GlobalSection(SolutionProperties) = preSolution
		HideSolutionNode = FALSE
	EndGlobalSection
	GlobalSection(ExtensibilityGlobals) = postSolution
		SolutionGuid = {6C80879E-39F7-4C45-B921-FB9808F82CCF}
	EndGlobalSection
EndGlobal
