
Microsoft Visual Studio Solution File, Format Version 12.00
# Visual Studio Version 16
VisualStudioVersion = 16.0.31729.503
MinimumVisualStudioVersion = 10.0.40219.1
Project("{FAE04EC0-301F-11D3-BF4B-00C04F79EFBC}") = "Exemplo LINQ com Lambda", "Exemplo LINQ com Lambda\Exemplo LINQ com Lambda.csproj", "{FEF0CD70-8D2D-4BBA-8684-2A487C3A62CC}"
EndProject
Global
	GlobalSection(SolutionConfigurationPlatforms) = preSolution
		Debug|Any CPU = Debug|Any CPU
		Release|Any CPU = Release|Any CPU
	EndGlobalSection
	GlobalSection(ProjectConfigurationPlatforms) = postSolution
		{FEF0CD70-8D2D-4BBA-8684-2A487C3A62CC}.Debug|Any CPU.ActiveCfg = Debug|Any CPU
		{FEF0CD70-8D2D-4BBA-8684-2A487C3A62CC}.Debug|Any CPU.Build.0 = Debug|Any CPU
		{FEF0CD70-8D2D-4BBA-8684-2A487C3A62CC}.Release|Any CPU.ActiveCfg = Release|Any CPU
		{FEF0CD70-8D2D-4BBA-8684-2A487C3A62CC}.Release|Any CPU.Build.0 = Release|Any CPU
	EndGlobalSection
	GlobalSection(SolutionProperties) = preSolution
		HideSolutionNode = FALSE
	EndGlobalSection
	GlobalSection(ExtensibilityGlobals) = postSolution
		SolutionGuid = {40CBAD5E-579A-4231-BE55-F05A83A141DD}
	EndGlobalSection
EndGlobal
