
Microsoft Visual Studio Solution File, Format Version 12.00
# Visual Studio Version 16
VisualStudioVersion = 16.0.31729.503
MinimumVisualStudioVersion = 10.0.40219.1
Project("{FAE04EC0-301F-11D3-BF4B-00C04F79EFBC}") = "DateTimeKind e Padrão ISO 8601", "DateTimeKind e Padrão ISO 8601\DateTimeKind e Padrão ISO 8601.csproj", "{C0058D3A-9C25-4EDB-B78F-49E760AC2D0A}"
EndProject
Global
	GlobalSection(SolutionConfigurationPlatforms) = preSolution
		Debug|Any CPU = Debug|Any CPU
		Release|Any CPU = Release|Any CPU
	EndGlobalSection
	GlobalSection(ProjectConfigurationPlatforms) = postSolution
		{C0058D3A-9C25-4EDB-B78F-49E760AC2D0A}.Debug|Any CPU.ActiveCfg = Debug|Any CPU
		{C0058D3A-9C25-4EDB-B78F-49E760AC2D0A}.Debug|Any CPU.Build.0 = Debug|Any CPU
		{C0058D3A-9C25-4EDB-B78F-49E760AC2D0A}.Release|Any CPU.ActiveCfg = Release|Any CPU
		{C0058D3A-9C25-4EDB-B78F-49E760AC2D0A}.Release|Any CPU.Build.0 = Release|Any CPU
	EndGlobalSection
	GlobalSection(SolutionProperties) = preSolution
		HideSolutionNode = FALSE
	EndGlobalSection
	GlobalSection(ExtensibilityGlobals) = postSolution
		SolutionGuid = {664286EA-4001-4D42-BAA7-E8AE0B07C91E}
	EndGlobalSection
EndGlobal
